
Microsoft Visual Studio Solution File, Format Version 12.00
# Visual Studio 2013
VisualStudioVersion = 12.0.40629.0
MinimumVisualStudioVersion = 10.0.40219.1
Project("{FAE04EC0-301F-11D3-BF4B-00C04F79EFBC}") = "Gesture_Recognition", "Gesture_Recognition\Gesture_Recognition.csproj", "{44A923F4-930F-44D4-B4FE-77B42CBE8950}"
EndProject
Global
	GlobalSection(SolutionConfigurationPlatforms) = preSolution
		Debug|Any CPU = Debug|Any CPU
		Release|Any CPU = Release|Any CPU
	EndGlobalSection
	GlobalSection(ProjectConfigurationPlatforms) = postSolution
		{44A923F4-930F-44D4-B4FE-77B42CBE8950}.Debug|Any CPU.ActiveCfg = Debug|Any CPU
		{44A923F4-930F-44D4-B4FE-77B42CBE8950}.Debug|Any CPU.Build.0 = Debug|Any CPU
		{44A923F4-930F-44D4-B4FE-77B42CBE8950}.Release|Any CPU.ActiveCfg = Release|Any CPU
		{44A923F4-930F-44D4-B4FE-77B42CBE8950}.Release|Any CPU.Build.0 = Release|Any CPU
	EndGlobalSection
	GlobalSection(SolutionProperties) = preSolution
		HideSolutionNode = FALSE
	EndGlobalSection
EndGlobal
